github.com/gorilla/mux v1.8.0 h1:i40aqfkR1h2SlN9hojwV5ZA91wcXFOvkdNIeFDP5koI=
github.com/gorilla/mux v1.8.0/go.mod h1:DVbg23sWSpFRCP0SfiEN6jmj59UnW/n46BH5rLB71So=
github.com/vanng822/go-solr v0.10.0 h1:oygAxyFL2apSN8vddxDXoyho40z66Guu9nwH7ANr6wM=
github.com/vanng822/go-solr v0.10.0/go.mod h1:FSglzTPzoNVKTXP+SqEQiiz284cKzcKpeRXmwPa81wc=
